
Microsoft Visual Studio Solution File, Format Version 12.00
# Visual Studio Version 17
VisualStudioVersion = 17.9.34701.34
MinimumVisualStudioVersion = 10.0.40219.1
Project("{FAE04EC0-301F-11D3-BF4B-00C04F79EFBC}") = "webDBstorage", "webDBstorage.csproj", "{BB3098AD-2D42-459F-BA29-89C265AB3CDF}"
EndProject
Global
	GlobalSection(SolutionConfigurationPlatforms) = preSolution
		Debug|Any CPU = Debug|Any CPU
		Release|Any CPU = Release|Any CPU
	EndGlobalSection
	GlobalSection(ProjectConfigurationPlatforms) = postSolution
		{BB3098AD-2D42-459F-BA29-89C265AB3CDF}.Debug|Any CPU.ActiveCfg = Debug|Any CPU
		{BB3098AD-2D42-459F-BA29-89C265AB3CDF}.Debug|Any CPU.Build.0 = Debug|Any CPU
		{BB3098AD-2D42-459F-BA29-89C265AB3CDF}.Release|Any CPU.ActiveCfg = Release|Any CPU
		{BB3098AD-2D42-459F-BA29-89C265AB3CDF}.Release|Any CPU.Build.0 = Release|Any CPU
	EndGlobalSection
	GlobalSection(SolutionProperties) = preSolution
		HideSolutionNode = FALSE
	EndGlobalSection
	GlobalSection(ExtensibilityGlobals) = postSolution
		SolutionGuid = {C53AE9D7-DC73-4D76-AAD5-BBF3CA89FE5D}
	EndGlobalSection
EndGlobal
